<Solution>
  <Configurations>
    <BuildType Name="Release" />
  </Configurations>
  <Project Path="RangedDPS/RangedDPS.csproj" />
  <Properties Name="MonoDevelopProperties">
    <Property Name="$0.TextStylePolicy" Value="$1" />
    <Property Name="$1.scope" Value="text/plain" />
    <Property Name="$1.TabsToSpaces" Value="True" />
    <Property Name="Policies" Value="$0" />
  </Properties>
</Solution>